PODS:
  - Nimble (11.2.1)
  - Nuke (9.5.0)
  - Quick (6.1.0)
  - RxAVFoundation (4.0.0):
    - RxCocoa (~> 6.0)
    - RxSwift (~> 6.0)
  - RxCocoa (6.5.0):
    - RxRelay (= 6.5.0)
    - RxSwift (= 6.5.0)
  - RxFlow (2.13.0):
    - RxCocoa (>= 6.0.0)
    - RxSwift (>= 6.0.0)
  - RxNuke (2.0.1):
    - Nuke (~> 9.0)
    - RxSwift (~> 6.0)
  - RxRelay (6.5.0):
    - RxSwift (= 6.5.0)
  - RxSwift (6.5.0)
  - RxTest (6.5.0):
    - RxSwift (= 6.5.0)

DEPENDENCIES:
  - Nimble
  - Quick
  - RxAVFoundation
  - RxCocoa
  - RxFlow
  - RxNuke
  - RxSwift
  - RxTest

SPEC REPOS:
  trunk:
    - Nimble
    - Nuke
    - Quick
    - RxAVFoundation
    - RxCocoa
    - RxFlow
    - RxNuke
    - RxRelay
    - RxSwift
    - RxTest

SPEC CHECKSUMS:
  Nimble: 516ac503a0fafaa8e41dbb4a70a61be421fa893a
  Nuke: 6f400a4ea957e09149ec335a3c6acdcc814d89e4
  Quick: 6676ffb409bf04abba2ff23902af2407bfc6ac90
  RxAVFoundation: b63134c3a05dcefb564780fbfcaa2b281d8f564b
  RxCocoa: 94f817b71c07517321eb4f9ad299112ca8af743b
  RxFlow: 52f6f6379918392c1ea8cb62d8dcf2df9a5463dd
  RxNuke: 23175fb4b7cda4e3aa453588d895198ccf88f5ab
  RxRelay: 1de1523e604c72b6c68feadedd1af3b1b4d0ecbd
  RxSwift: 5710a9e6b17f3c3d6e40d6e559b9fa1e813b2ef8
  RxTest: eb2d23adefc5a5ebf5779c7792fa3edfe6ebcc17

PODFILE CHECKSUM: 2624308a1cf7f0b3d1867559ad3c1c388c6d4766

COCOAPODS: 1.11.3
