// !$*UTF8*$!
{
	archiveVersion = 1;
	classes = {
	};
	objectVersion = 56;
	objects = {

/* Begin PBXBuildFile section */
		042553DC29DB80A200F26A07 /* LoadStatus.swift in Sources */ = {isa = PBXBuildFile; fileRef = 042553A229DB80A100F26A07 /* LoadStatus.swift */; };
		042553DD29DB80A200F26A07 /* DoubleEx.swift in Sources */ = {isa = PBXBuildFile; fileRef = 042553A429DB80A100F26A07 /* DoubleEx.swift */; };
		042553DE29DB80A200F26A07 /* ViewEx.swift in Sources */ = {isa = PBXBuildFile; fileRef = 042553A529DB80A100F26A07 /* ViewEx.swift */; };
		042553DF29DB80A200F26A07 /* CMTimeEx.swift in Sources */ = {isa = PBXBuildFile; fileRef = 042553A729DB80A100F26A07 /* CMTimeEx.swift */; };
		042553E029DB80A200F26A07 /* AVPlayerEx.swift in Sources */ = {isa = PBXBuildFile; fileRef = 042553A829DB80A100F26A07 /* AVPlayerEx.swift */; };
		042553E129DB80A200F26A07 /* AVPlayerItemEx.swift in Sources */ = {isa = PBXBuildFile; fileRef = 042553A929DB80A100F26A07 /* AVPlayerItemEx.swift */; };
		042553E229DB80A200F26A07 /* HTTPURLResponseEx.swift in Sources */ = {isa = PBXBuildFile; fileRef = 042553AA29DB80A100F26A07 /* HTTPURLResponseEx.swift */; };
		042553E329DB80A200F26A07 /* DataEx.swift in Sources */ = {isa = PBXBuildFile; fileRef = 042553AB29DB80A100F26A07 /* DataEx.swift */; };
		042553E429DB80A200F26A07 /* UIInterfaceOrientationMask.swift in Sources */ = {isa = PBXBuildFile; fileRef = 042553AC29DB80A100F26A07 /* UIInterfaceOrientationMask.swift */; };
		042553E529DB80A200F26A07 /* StringEx.swift in Sources */ = {isa = PBXBuildFile; fileRef = 042553AD29DB80A100F26A07 /* StringEx.swift */; };
		042553E629DB80A200F26A07 /* Formatter.swift in Sources */ = {isa = PBXBuildFile; fileRef = 042553AE29DB80A100F26A07 /* Formatter.swift */; };
		042553E729DB80A200F26A07 /* Store.swift in Sources */ = {isa = PBXBuildFile; fileRef = 042553AF29DB80A100F26A07 /* Store.swift */; };
		042553E829DB80A200F26A07 /* DeviceRotationViewModifier.swift in Sources */ = {isa = PBXBuildFile; fileRef = 042553B029DB80A100F26A07 /* DeviceRotationViewModifier.swift */; };
		042553E929DB80A200F26A07 /* NavigableProtocol.swift in Sources */ = {isa = PBXBuildFile; fileRef = 042553B229DB80A100F26A07 /* NavigableProtocol.swift */; };
		042553EA29DB80A200F26A07 /* FlowViewModel.swift in Sources */ = {isa = PBXBuildFile; fileRef = 042553B329DB80A100F26A07 /* FlowViewModel.swift */; };
		042553EB29DB80A200F26A07 /* FlowView.swift in Sources */ = {isa = PBXBuildFile; fileRef = 042553B429DB80A100F26A07 /* FlowView.swift */; };
		042553EC29DB80A200F26A07 /* Screen.swift in Sources */ = {isa = PBXBuildFile; fileRef = 042553B529DB80A100F26A07 /* Screen.swift */; };
		042553ED29DB80A200F26A07 /* FlowAction.swift in Sources */ = {isa = PBXBuildFile; fileRef = 042553B629DB80A100F26A07 /* FlowAction.swift */; };
		042553EE29DB80A200F26A07 /* ApiRepository.swift in Sources */ = {isa = PBXBuildFile; fileRef = 042553B829DB80A100F26A07 /* ApiRepository.swift */; };
		042553EF29DB80A200F26A07 /* ApiRequest.swift in Sources */ = {isa = PBXBuildFile; fileRef = 042553B929DB80A100F26A07 /* ApiRequest.swift */; };
		042553F029DB80A200F26A07 /* ApiRoute.swift in Sources */ = {isa = PBXBuildFile; fileRef = 042553BA29DB80A100F26A07 /* ApiRoute.swift */; };
		042553F129DB80A200F26A07 /* LaunchScreen.storyboard in Resources */ = {isa = PBXBuildFile; fileRef = 042553BC29DB80A100F26A07 /* LaunchScreen.storyboard */; };
		042553F229DB80A200F26A07 /* DetailView.swift in Sources */ = {isa = PBXBuildFile; fileRef = 042553BF29DB80A100F26A07 /* DetailView.swift */; };
		042553F329DB80A200F26A07 /* DetailViewModel.swift in Sources */ = {isa = PBXBuildFile; fileRef = 042553C029DB80A100F26A07 /* DetailViewModel.swift */; };
		042553F429DB80A200F26A07 /* ListView.swift in Sources */ = {isa = PBXBuildFile; fileRef = 042553C229DB80A100F26A07 /* ListView.swift */; };
		042553F529DB80A200F26A07 /* ListViewModel.swift in Sources */ = {isa = PBXBuildFile; fileRef = 042553C329DB80A100F26A07 /* ListViewModel.swift */; };
		042553F629DB80A200F26A07 /* ListCellView.swift in Sources */ = {isa = PBXBuildFile; fileRef = 042553C429DB80A100F26A07 /* ListCellView.swift */; };
		042553F729DB80A200F26A07 /* Constants.swift in Sources */ = {isa = PBXBuildFile; fileRef = 042553C629DB80A100F26A07 /* Constants.swift */; };
		042553F829DB80A200F26A07 /* ImageResource.swift in Sources */ = {isa = PBXBuildFile; fileRef = 042553C729DB80A100F26A07 /* ImageResource.swift */; };
		042553F929DB80A200F26A07 /* StringResource.swift in Sources */ = {isa = PBXBuildFile; fileRef = 042553C829DB80A100F26A07 /* StringResource.swift */; };
		042553FA29DB80A200F26A07 /* AppDelegate.swift in Sources */ = {isa = PBXBuildFile; fileRef = 042553CA29DB80A100F26A07 /* AppDelegate.swift */; };
		042553FB29DB80A200F26A07 /* SceneDelegate.swift in Sources */ = {isa = PBXBuildFile; fileRef = 042553CB29DB80A100F26A07 /* SceneDelegate.swift */; };
		042553FC29DB80A200F26A07 /* InfoView.swift in Sources */ = {isa = PBXBuildFile; fileRef = 042553CD29DB80A100F26A07 /* InfoView.swift */; };
		042553FD29DB80A200F26A07 /* StatusView.swift in Sources */ = {isa = PBXBuildFile; fileRef = 042553CE29DB80A100F26A07 /* StatusView.swift */; };
		042553FE29DB80A200F26A07 /* DequeueReusableAsyncImage.swift in Sources */ = {isa = PBXBuildFile; fileRef = 042553D029DB80A100F26A07 /* DequeueReusableAsyncImage.swift */; };
		042553FF29DB80A200F26A07 /* PlayerUIView.swift in Sources */ = {isa = PBXBuildFile; fileRef = 042553D229DB80A100F26A07 /* PlayerUIView.swift */; };
		0425540029DB80A200F26A07 /* PlayerSliderView.swift in Sources */ = {isa = PBXBuildFile; fileRef = 042553D329DB80A100F26A07 /* PlayerSliderView.swift */; };
		0425540129DB80A200F26A07 /* PlayerContainerView.swift in Sources */ = {isa = PBXBuildFile; fileRef = 042553D429DB80A100F26A07 /* PlayerContainerView.swift */; };
		0425540229DB80A200F26A07 /* PlayerViewModel.swift in Sources */ = {isa = PBXBuildFile; fileRef = 042553D529DB80A100F26A07 /* PlayerViewModel.swift */; };
		0425540329DB80A200F26A07 /* PlayerView.swift in Sources */ = {isa = PBXBuildFile; fileRef = 042553D629DB80A100F26A07 /* PlayerView.swift */; };
		0425540429DB80A200F26A07 /* PlayerControllerView.swift in Sources */ = {isa = PBXBuildFile; fileRef = 042553D729DB80A100F26A07 /* PlayerControllerView.swift */; };
		0425540529DB80A200F26A07 /* SearchRequest.swift in Sources */ = {isa = PBXBuildFile; fileRef = 042553D929DB80A200F26A07 /* SearchRequest.swift */; };
		0425540629DB80A200F26A07 /* VimeoResponse.swift in Sources */ = {isa = PBXBuildFile; fileRef = 042553DA29DB80A200F26A07 /* VimeoResponse.swift */; };
		0425540729DB80A200F26A07 /* VimeoVideoConfig.swift in Sources */ = {isa = PBXBuildFile; fileRef = 042553DB29DB80A200F26A07 /* VimeoVideoConfig.swift */; };
		0462395029D98E460064F382 /* Assets.xcassets in Resources */ = {isa = PBXBuildFile; fileRef = 0462394F29D98E460064F382 /* Assets.xcassets */; };
		0462395E29D98E460064F382 /* VimeoPlayerTests.swift in Sources */ = {isa = PBXBuildFile; fileRef = 0462395D29D98E460064F382 /* VimeoPlayerTests.swift */; };
		0462396829D98E460064F382 /* VimeoPlayerUITests.swift in Sources */ = {isa = PBXBuildFile; fileRef = 0462396729D98E460064F382 /* VimeoPlayerUITests.swift */; };
		0462396A29D98E460064F382 /* VimeoPlayerUITestsLaunchTests.swift in Sources */ = {isa = PBXBuildFile; fileRef = 0462396929D98E460064F382 /* VimeoPlayerUITestsLaunchTests.swift */; };
/* End PBXBuildFile section */

/* Begin PBXContainerItemProxy section */
		0462395A29D98E460064F382 /* PBXContainerItemProxy */ = {
			isa = PBXContainerItemProxy;
			containerPortal = 0462393B29D98E450064F382 /* Project object */;
			proxyType = 1;
			remoteGlobalIDString = 0462394229D98E450064F382;
			remoteInfo = VimoPlayer;
		};
		0462396429D98E460064F382 /* PBXContainerItemProxy */ = {
			isa = PBXContainerItemProxy;
			containerPortal = 0462393B29D98E450064F382 /* Project object */;
			proxyType = 1;
			remoteGlobalIDString = 0462394229D98E450064F382;
			remoteInfo = VimoPlayer;
		};
/* End PBXContainerItemProxy section */

/* Begin PBXFileReference section */
		042553A229DB80A100F26A07 /* LoadStatus.swift */ = {isa = PBXFileReference; fileEncoding = 4; lastKnownFileType = sourcecode.swift; path = LoadStatus.swift; sourceTree = "<group>"; };
		042553A429DB80A100F26A07 /* DoubleEx.swift */ = {isa = PBXFileReference; fileEncoding = 4; lastKnownFileType = sourcecode.swift; path = DoubleEx.swift; sourceTree = "<group>"; };
		042553A529DB80A100F26A07 /* ViewEx.swift */ = {isa = PBXFileReference; fileEncoding = 4; lastKnownFileType = sourcecode.swift; path = ViewEx.swift; sourceTree = "<group>"; };
		042553A729DB80A100F26A07 /* CMTimeEx.swift */ = {isa = PBXFileReference; fileEncoding = 4; lastKnownFileType = sourcecode.swift; path = CMTimeEx.swift; sourceTree = "<group>"; };
		042553A829DB80A100F26A07 /* AVPlayerEx.swift */ = {isa = PBXFileReference; fileEncoding = 4; lastKnownFileType = sourcecode.swift; path = AVPlayerEx.swift; sourceTree = "<group>"; };
		042553A929DB80A100F26A07 /* AVPlayerItemEx.swift */ = {isa = PBXFileReference; fileEncoding = 4; lastKnownFileType = sourcecode.swift; path = AVPlayerItemEx.swift; sourceTree = "<group>"; };
		042553AA29DB80A100F26A07 /* HTTPURLResponseEx.swift */ = {isa = PBXFileReference; fileEncoding = 4; lastKnownFileType = sourcecode.swift; path = HTTPURLResponseEx.swift; sourceTree = "<group>"; };
		042553AB29DB80A100F26A07 /* DataEx.swift */ = {isa = PBXFileReference; fileEncoding = 4; lastKnownFileType = sourcecode.swift; path = DataEx.swift; sourceTree = "<group>"; };
		042553AC29DB80A100F26A07 /* UIInterfaceOrientationMask.swift */ = {isa = PBXFileReference; fileEncoding = 4; lastKnownFileType = sourcecode.swift; path = UIInterfaceOrientationMask.swift; sourceTree = "<group>"; };
		042553AD29DB80A100F26A07 /* StringEx.swift */ = {isa = PBXFileReference; fileEncoding = 4; lastKnownFileType = sourcecode.swift; path = StringEx.swift; sourceTree = "<group>"; };
		042553AE29DB80A100F26A07 /* Formatter.swift */ = {isa = PBXFileReference; fileEncoding = 4; lastKnownFileType = sourcecode.swift; path = Formatter.swift; sourceTree = "<group>"; };
		042553AF29DB80A100F26A07 /* Store.swift */ = {isa = PBXFileReference; fileEncoding = 4; lastKnownFileType = sourcecode.swift; path = Store.swift; sourceTree = "<group>"; };
		042553B029DB80A100F26A07 /* DeviceRotationViewModifier.swift */ = {isa = PBXFileReference; fileEncoding = 4; lastKnownFileType = sourcecode.swift; path = DeviceRotationViewModifier.swift; sourceTree = "<group>"; };
		042553B229DB80A100F26A07 /* NavigableProtocol.swift */ = {isa = PBXFileReference; fileEncoding = 4; lastKnownFileType = sourcecode.swift; path = NavigableProtocol.swift; sourceTree = "<group>"; };
		042553B329DB80A100F26A07 /* FlowViewModel.swift */ = {isa = PBXFileReference; fileEncoding = 4; lastKnownFileType = sourcecode.swift; path = FlowViewModel.swift; sourceTree = "<group>"; };
		042553B429DB80A100F26A07 /* FlowView.swift */ = {isa = PBXFileReference; fileEncoding = 4; lastKnownFileType = sourcecode.swift; path = FlowView.swift; sourceTree = "<group>"; };
		042553B529DB80A100F26A07 /* Screen.swift */ = {isa = PBXFileReference; fileEncoding = 4; lastKnownFileType = sourcecode.swift; path = Screen.swift; sourceTree = "<group>"; };
		042553B629DB80A100F26A07 /* FlowAction.swift */ = {isa = PBXFileReference; fileEncoding = 4; lastKnownFileType = sourcecode.swift; path = FlowAction.swift; sourceTree = "<group>"; };
		042553B829DB80A100F26A07 /* ApiRepository.swift */ = {isa = PBXFileReference; fileEncoding = 4; lastKnownFileType = sourcecode.swift; path = ApiRepository.swift; sourceTree = "<group>"; };
		042553B929DB80A100F26A07 /* ApiRequest.swift */ = {isa = PBXFileReference; fileEncoding = 4; lastKnownFileType = sourcecode.swift; path = ApiRequest.swift; sourceTree = "<group>"; };
		042553BA29DB80A100F26A07 /* ApiRoute.swift */ = {isa = PBXFileReference; fileEncoding = 4; lastKnownFileType = sourcecode.swift; path = ApiRoute.swift; sourceTree = "<group>"; };
		042553BD29DB80A100F26A07 /* Base */ = {isa = PBXFileReference; lastKnownFileType = file.storyboard; name = Base; path = Base.lproj/LaunchScreen.storyboard; sourceTree = "<group>"; };
		042553BF29DB80A100F26A07 /* DetailView.swift */ = {isa = PBXFileReference; fileEncoding = 4; lastKnownFileType = sourcecode.swift; path = DetailView.swift; sourceTree = "<group>"; };
		042553C029DB80A100F26A07 /* DetailViewModel.swift */ = {isa = PBXFileReference; fileEncoding = 4; lastKnownFileType = sourcecode.swift; path = DetailViewModel.swift; sourceTree = "<group>"; };
		042553C229DB80A100F26A07 /* ListView.swift */ = {isa = PBXFileReference; fileEncoding = 4; lastKnownFileType = sourcecode.swift; path = ListView.swift; sourceTree = "<group>"; };
		042553C329DB80A100F26A07 /* ListViewModel.swift */ = {isa = PBXFileReference; fileEncoding = 4; lastKnownFileType = sourcecode.swift; path = ListViewModel.swift; sourceTree = "<group>"; };
		042553C429DB80A100F26A07 /* ListCellView.swift */ = {isa = PBXFileReference; fileEncoding = 4; lastKnownFileType = sourcecode.swift; path = ListCellView.swift; sourceTree = "<group>"; };
		042553C629DB80A100F26A07 /* Constants.swift */ = {isa = PBXFileReference; fileEncoding = 4; lastKnownFileType = sourcecode.swift; path = Constants.swift; sourceTree = "<group>"; };
		042553C729DB80A100F26A07 /* ImageResource.swift */ = {isa = PBXFileReference; fileEncoding = 4; lastKnownFileType = sourcecode.swift; path = ImageResource.swift; sourceTree = "<group>"; };
		042553C829DB80A100F26A07 /* StringResource.swift */ = {isa = PBXFileReference; fileEncoding = 4; lastKnownFileType = sourcecode.swift; path = StringResource.swift; sourceTree = "<group>"; };
		042553CA29DB80A100F26A07 /* AppDelegate.swift */ = {isa = PBXFileReference; fileEncoding = 4; lastKnownFileType = sourcecode.swift; path = AppDelegate.swift; sourceTree = "<group>"; };
		042553CB29DB80A100F26A07 /* SceneDelegate.swift */ = {isa = PBXFileReference; fileEncoding = 4; lastKnownFileType = sourcecode.swift; path = SceneDelegate.swift; sourceTree = "<group>"; };
		042553CD29DB80A100F26A07 /* InfoView.swift */ = {isa = PBXFileReference; fileEncoding = 4; lastKnownFileType = sourcecode.swift; path = InfoView.swift; sourceTree = "<group>"; };
		042553CE29DB80A100F26A07 /* StatusView.swift */ = {isa = PBXFileReference; fileEncoding = 4; lastKnownFileType = sourcecode.swift; path = StatusView.swift; sourceTree = "<group>"; };
		042553D029DB80A100F26A07 /* DequeueReusableAsyncImage.swift */ = {isa = PBXFileReference; fileEncoding = 4; lastKnownFileType = sourcecode.swift; path = DequeueReusableAsyncImage.swift; sourceTree = "<group>"; };
		042553D229DB80A100F26A07 /* PlayerUIView.swift */ = {isa = PBXFileReference; fileEncoding = 4; lastKnownFileType = sourcecode.swift; path = PlayerUIView.swift; sourceTree = "<group>"; };
		042553D329DB80A100F26A07 /* PlayerSliderView.swift */ = {isa = PBXFileReference; fileEncoding = 4; lastKnownFileType = sourcecode.swift; path = PlayerSliderView.swift; sourceTree = "<group>"; };
		042553D429DB80A100F26A07 /* PlayerContainerView.swift */ = {isa = PBXFileReference; fileEncoding = 4; lastKnownFileType = sourcecode.swift; path = PlayerContainerView.swift; sourceTree = "<group>"; };
		042553D529DB80A100F26A07 /* PlayerViewModel.swift */ = {isa = PBXFileReference; fileEncoding = 4; lastKnownFileType = sourcecode.swift; path = PlayerViewModel.swift; sourceTree = "<group>"; };
		042553D629DB80A100F26A07 /* PlayerView.swift */ = {isa = PBXFileReference; fileEncoding = 4; lastKnownFileType = sourcecode.swift; path = PlayerView.swift; sourceTree = "<group>"; };
		042553D729DB80A100F26A07 /* PlayerControllerView.swift */ = {isa = PBXFileReference; fileEncoding = 4; lastKnownFileType = sourcecode.swift; path = PlayerControllerView.swift; sourceTree = "<group>"; };
		042553D929DB80A200F26A07 /* SearchRequest.swift */ = {isa = PBXFileReference; fileEncoding = 4; lastKnownFileType = sourcecode.swift; path = SearchRequest.swift; sourceTree = "<group>"; };
		042553DA29DB80A200F26A07 /* VimeoResponse.swift */ = {isa = PBXFileReference; fileEncoding = 4; lastKnownFileType = sourcecode.swift; path = VimeoResponse.swift; sourceTree = "<group>"; };
		042553DB29DB80A200F26A07 /* VimeoVideoConfig.swift */ = {isa = PBXFileReference; fileEncoding = 4; lastKnownFileType = sourcecode.swift; path = VimeoVideoConfig.swift; sourceTree = "<group>"; };
		0462394329D98E450064F382 /* VimeoPlayer.app */ = {isa = PBXFileReference; explicitFileType = wrapper.application; includeInIndex = 0; path = VimeoPlayer.app; sourceTree = BUILT_PRODUCTS_DIR; };
		0462394F29D98E460064F382 /* Assets.xcassets */ = {isa = PBXFileReference; lastKnownFileType = folder.assetcatalog; path = Assets.xcassets; sourceTree = "<group>"; };
		0462395429D98E460064F382 /* Info.plist */ = {isa = PBXFileReference; lastKnownFileType = text.plist.xml; path = Info.plist; sourceTree = "<group>"; };
		0462395929D98E460064F382 /* VimeoPlayerTests.xctest */ = {isa = PBXFileReference; explicitFileType = wrapper.cfbundle; includeInIndex = 0; path = VimeoPlayerTests.xctest; sourceTree = BUILT_PRODUCTS_DIR; };
		0462395D29D98E460064F382 /* VimeoPlayerTests.swift */ = {isa = PBXFileReference; lastKnownFileType = sourcecode.swift; path = VimeoPlayerTests.swift; sourceTree = "<group>"; };
		0462396329D98E460064F382 /* VimeoPlayerUITests.xctest */ = {isa = PBXFileReference; explicitFileType = wrapper.cfbundle; includeInIndex = 0; path = VimeoPlayerUITests.xctest; sourceTree = BUILT_PRODUCTS_DIR; };
		0462396729D98E460064F382 /* VimeoPlayerUITests.swift */ = {isa = PBXFileReference; lastKnownFileType = sourcecode.swift; path = VimeoPlayerUITests.swift; sourceTree = "<group>"; };
		0462396929D98E460064F382 /* VimeoPlayerUITestsLaunchTests.swift */ = {isa = PBXFileReference; lastKnownFileType = sourcecode.swift; path = VimeoPlayerUITestsLaunchTests.swift; sourceTree = "<group>"; };
/* End PBXFileReference section */

/* Begin PBXFrameworksBuildPhase section */
		0462394029D98E450064F382 /* Frameworks */ = {
			isa = PBXFrameworksBuildPhase;
			buildActionMask = 2147483647;
			files = (
			);
			runOnlyForDeploymentPostprocessing = 0;
		};
		0462395629D98E460064F382 /* Frameworks */ = {
			isa = PBXFrameworksBuildPhase;
			buildActionMask = 2147483647;
			files = (
			);
			runOnlyForDeploymentPostprocessing = 0;
		};
		0462396029D98E460064F382 /* Frameworks */ = {
			isa = PBXFrameworksBuildPhase;
			buildActionMask = 2147483647;
			files = (
			);
			runOnlyForDeploymentPostprocessing = 0;
		};
/* End PBXFrameworksBuildPhase section */

/* Begin PBXGroup section */
		042553A129DB80A100F26A07 /* Helper */ = {
			isa = PBXGroup;
			children = (
				042553A229DB80A100F26A07 /* LoadStatus.swift */,
				042553A329DB80A100F26A07 /* Extensions */,
				042553AE29DB80A100F26A07 /* Formatter.swift */,
				042553AF29DB80A100F26A07 /* Store.swift */,
				042553B029DB80A100F26A07 /* DeviceRotationViewModifier.swift */,
			);
			path = Helper;
			sourceTree = "<group>";
		};
		042553A329DB80A100F26A07 /* Extensions */ = {
			isa = PBXGroup;
			children = (
				042553A429DB80A100F26A07 /* DoubleEx.swift */,
				042553A529DB80A100F26A07 /* ViewEx.swift */,
				042553A629DB80A100F26A07 /* AVFoundation */,
				042553AA29DB80A100F26A07 /* HTTPURLResponseEx.swift */,
				042553AB29DB80A100F26A07 /* DataEx.swift */,
				042553AC29DB80A100F26A07 /* UIInterfaceOrientationMask.swift */,
				042553AD29DB80A100F26A07 /* StringEx.swift */,
			);
			path = Extensions;
			sourceTree = "<group>";
		};
		042553A629DB80A100F26A07 /* AVFoundation */ = {
			isa = PBXGroup;
			children = (
				042553A729DB80A100F26A07 /* CMTimeEx.swift */,
				042553A829DB80A100F26A07 /* AVPlayerEx.swift */,
				042553A929DB80A100F26A07 /* AVPlayerItemEx.swift */,
			);
			path = AVFoundation;
			sourceTree = "<group>";
		};
		042553B129DB80A100F26A07 /* Flows */ = {
			isa = PBXGroup;
			children = (
				042553B229DB80A100F26A07 /* NavigableProtocol.swift */,
				042553B329DB80A100F26A07 /* FlowViewModel.swift */,
				042553B429DB80A100F26A07 /* FlowView.swift */,
				042553B529DB80A100F26A07 /* Screen.swift */,
				042553B629DB80A100F26A07 /* FlowAction.swift */,
			);
			path = Flows;
			sourceTree = "<group>";
		};
		042553B729DB80A100F26A07 /* Api */ = {
			isa = PBXGroup;
			children = (
				042553B829DB80A100F26A07 /* ApiRepository.swift */,
				042553B929DB80A100F26A07 /* ApiRequest.swift */,
				042553BA29DB80A100F26A07 /* ApiRoute.swift */,
			);
			path = Api;
			sourceTree = "<group>";
		};
		042553BB29DB80A100F26A07 /* Pages */ = {
			isa = PBXGroup;
			children = (
				042553BC29DB80A100F26A07 /* LaunchScreen.storyboard */,
				042553BE29DB80A100F26A07 /* Detail */,
				042553C129DB80A100F26A07 /* List */,
			);
			path = Pages;
			sourceTree = "<group>";
		};
		042553BE29DB80A100F26A07 /* Detail */ = {
			isa = PBXGroup;
			children = (
				042553BF29DB80A100F26A07 /* DetailView.swift */,
				042553C029DB80A100F26A07 /* DetailViewModel.swift */,
			);
			path = Detail;
			sourceTree = "<group>";
		};
		042553C129DB80A100F26A07 /* List */ = {
			isa = PBXGroup;
			children = (
				042553C229DB80A100F26A07 /* ListView.swift */,
				042553C329DB80A100F26A07 /* ListViewModel.swift */,
				042553C429DB80A100F26A07 /* ListCellView.swift */,
			);
			path = List;
			sourceTree = "<group>";
		};
		042553C529DB80A100F26A07 /* AppConstant */ = {
			isa = PBXGroup;
			children = (
				042553C629DB80A100F26A07 /* Constants.swift */,
				042553C729DB80A100F26A07 /* ImageResource.swift */,
				042553C829DB80A100F26A07 /* StringResource.swift */,
			);
			path = AppConstant;
			sourceTree = "<group>";
		};
		042553C929DB80A100F26A07 /* Application */ = {
			isa = PBXGroup;
			children = (
				042553CA29DB80A100F26A07 /* AppDelegate.swift */,
				042553CB29DB80A100F26A07 /* SceneDelegate.swift */,
			);
			path = Application;
			sourceTree = "<group>";
		};
		042553CC29DB80A100F26A07 /* Components */ = {
			isa = PBXGroup;
			children = (
				042553CD29DB80A100F26A07 /* InfoView.swift */,
				042553CE29DB80A100F26A07 /* StatusView.swift */,
				042553CF29DB80A100F26A07 /* Stroyboards */,
				042553D029DB80A100F26A07 /* DequeueReusableAsyncImage.swift */,
				042553D129DB80A100F26A07 /* Player */,
			);
			path = Components;
			sourceTree = "<group>";
		};
		042553CF29DB80A100F26A07 /* Stroyboards */ = {
			isa = PBXGroup;
			children = (
			);
			path = Stroyboards;
			sourceTree = "<group>";
		};
		042553D129DB80A100F26A07 /* Player */ = {
			isa = PBXGroup;
			children = (
				042553D229DB80A100F26A07 /* PlayerUIView.swift */,
				042553D329DB80A100F26A07 /* PlayerSliderView.swift */,
				042553D429DB80A100F26A07 /* PlayerContainerView.swift */,
				042553D529DB80A100F26A07 /* PlayerViewModel.swift */,
				042553D629DB80A100F26A07 /* PlayerView.swift */,
				042553D729DB80A100F26A07 /* PlayerControllerView.swift */,
			);
			path = Player;
			sourceTree = "<group>";
		};
		042553D829DB80A200F26A07 /* Model */ = {
			isa = PBXGroup;
			children = (
				042553D929DB80A200F26A07 /* SearchRequest.swift */,
				042553DA29DB80A200F26A07 /* VimeoResponse.swift */,
				042553DB29DB80A200F26A07 /* VimeoVideoConfig.swift */,
			);
			path = Model;
			sourceTree = "<group>";
		};
		0462393A29D98E450064F382 = {
			isa = PBXGroup;
			children = (
				0462394529D98E450064F382 /* VimeoPlayer */,
				0462395C29D98E460064F382 /* VimeoPlayerTests */,
				0462396629D98E460064F382 /* VimeoPlayerUITests */,
				0462394429D98E450064F382 /* Products */,
			);
			sourceTree = "<group>";
		};
		0462394429D98E450064F382 /* Products */ = {
			isa = PBXGroup;
			children = (
				0462394329D98E450064F382 /* VimeoPlayer.app */,
				0462395929D98E460064F382 /* VimeoPlayerTests.xctest */,
				0462396329D98E460064F382 /* VimeoPlayerUITests.xctest */,
			);
			name = Products;
			sourceTree = "<group>";
		};
		0462394529D98E450064F382 /* VimeoPlayer */ = {
			isa = PBXGroup;
			children = (
				042553B729DB80A100F26A07 /* Api */,
				042553C529DB80A100F26A07 /* AppConstant */,
				042553C929DB80A100F26A07 /* Application */,
				042553CC29DB80A100F26A07 /* Components */,
				042553B129DB80A100F26A07 /* Flows */,
				042553A129DB80A100F26A07 /* Helper */,
				042553D829DB80A200F26A07 /* Model */,
				042553BB29DB80A100F26A07 /* Pages */,
				0462394F29D98E460064F382 /* Assets.xcassets */,
				0462395429D98E460064F382 /* Info.plist */,
			);
			path = VimeoPlayer;
			sourceTree = "<group>";
		};
		0462395C29D98E460064F382 /* VimeoPlayerTests */ = {
			isa = PBXGroup;
			children = (
				0462395D29D98E460064F382 /* VimeoPlayerTests.swift */,
			);
			path = VimeoPlayerTests;
			sourceTree = "<group>";
		};
		0462396629D98E460064F382 /* VimeoPlayerUITests */ = {
			isa = PBXGroup;
			children = (
				0462396729D98E460064F382 /* VimeoPlayerUITests.swift */,
				0462396929D98E460064F382 /* VimeoPlayerUITestsLaunchTests.swift */,
			);
			path = VimeoPlayerUITests;
			sourceTree = "<group>";
		};
/* End PBXGroup section */

/* Begin PBXNativeTarget section */
		0462394229D98E450064F382 /* VimeoPlayer */ = {
			isa = PBXNativeTarget;
			buildConfigurationList = 0462396D29D98E460064F382 /* Build configuration list for PBXNativeTarget "VimeoPlayer" */;
			buildPhases = (
				0462393F29D98E450064F382 /* Sources */,
				0462394029D98E450064F382 /* Frameworks */,
				0462394129D98E450064F382 /* Resources */,
			);
			buildRules = (
			);
			dependencies = (
			);
			name = VimeoPlayer;
			productName = VimoPlayer;
			productReference = 0462394329D98E450064F382 /* VimeoPlayer.app */;
			productType = "com.apple.product-type.application";
		};
		0462395829D98E460064F382 /* VimeoPlayerTests */ = {
			isa = PBXNativeTarget;
			buildConfigurationList = 0462397029D98E460064F382 /* Build configuration list for PBXNativeTarget "VimeoPlayerTests" */;
			buildPhases = (
				0462395529D98E460064F382 /* Sources */,
				0462395629D98E460064F382 /* Frameworks */,
				0462395729D98E460064F382 /* Resources */,
			);
			buildRules = (
			);
			dependencies = (
				0462395B29D98E460064F382 /* PBXTargetDependency */,
			);
			name = VimeoPlayerTests;
			productName = VimoPlayerTests;
			productReference = 0462395929D98E460064F382 /* VimeoPlayerTests.xctest */;
			productType = "com.apple.product-type.bundle.unit-test";
		};
		0462396229D98E460064F382 /* VimeoPlayerUITests */ = {
			isa = PBXNativeTarget;
			buildConfigurationList = 0462397329D98E460064F382 /* Build configuration list for PBXNativeTarget "VimeoPlayerUITests" */;
			buildPhases = (
				0462395F29D98E460064F382 /* Sources */,
				0462396029D98E460064F382 /* Frameworks */,
				0462396129D98E460064F382 /* Resources */,
			);
			buildRules = (
			);
			dependencies = (
				0462396529D98E460064F382 /* PBXTargetDependency */,
			);
			name = VimeoPlayerUITests;
			productName = VimoPlayerUITests;
			productReference = 0462396329D98E460064F382 /* VimeoPlayerUITests.xctest */;
			productType = "com.apple.product-type.bundle.ui-testing";
		};
/* End PBXNativeTarget section */

/* Begin PBXProject section */
		0462393B29D98E450064F382 /* Project object */ = {
			isa = PBXProject;
			attributes = {
				BuildIndependentTargetsInParallel = 1;
				LastSwiftUpdateCheck = 1400;
				LastUpgradeCheck = 1400;
				TargetAttributes = {
					0462394229D98E450064F382 = {
						CreatedOnToolsVersion = 14.0.1;
					};
					0462395829D98E460064F382 = {
						CreatedOnToolsVersion = 14.0.1;
						TestTargetID = 0462394229D98E450064F382;
					};
					0462396229D98E460064F382 = {
						CreatedOnToolsVersion = 14.0.1;
						TestTargetID = 0462394229D98E450064F382;
					};
				};
			};
			buildConfigurationList = 0462393E29D98E450064F382 /* Build configuration list for PBXProject "VimeoPlayer" */;
			compatibilityVersion = "Xcode 14.0";
			developmentRegion = en;
			hasScannedForEncodings = 0;
			knownRegions = (
				en,
				Base,
			);
			mainGroup = 0462393A29D98E450064F382;
			productRefGroup = 0462394429D98E450064F382 /* Products */;
			projectDirPath = "";
			projectRoot = "";
			targets = (
				0462394229D98E450064F382 /* VimeoPlayer */,
				0462395829D98E460064F382 /* VimeoPlayerTests */,
				0462396229D98E460064F382 /* VimeoPlayerUITests */,
			);
		};
/* End PBXProject section */

/* Begin PBXResourcesBuildPhase section */
		0462394129D98E450064F382 /* Resources */ = {
			isa = PBXResourcesBuildPhase;
			buildActionMask = 2147483647;
			files = (
				0462395029D98E460064F382 /* Assets.xcassets in Resources */,
				042553F129DB80A200F26A07 /* LaunchScreen.storyboard in Resources */,
			);
			runOnlyForDeploymentPostprocessing = 0;
		};
		0462395729D98E460064F382 /* Resources */ = {
			isa = PBXResourcesBuildPhase;
			buildActionMask = 2147483647;
			files = (
			);
			runOnlyForDeploymentPostprocessing = 0;
		};
		0462396129D98E460064F382 /* Resources */ = {
			isa = PBXResourcesBuildPhase;
			buildActionMask = 2147483647;
			files = (
			);
			runOnlyForDeploymentPostprocessing = 0;
		};
/* End PBXResourcesBuildPhase section */

/* Begin PBXSourcesBuildPhase section */
		0462393F29D98E450064F382 /* Sources */ = {
			isa = PBXSourcesBuildPhase;
			buildActionMask = 2147483647;
			files = (
				0425540529DB80A200F26A07 /* SearchRequest.swift in Sources */,
				0425540729DB80A200F26A07 /* VimeoVideoConfig.swift in Sources */,
				0425540029DB80A200F26A07 /* PlayerSliderView.swift in Sources */,
				042553E629DB80A200F26A07 /* Formatter.swift in Sources */,
				042553F929DB80A200F26A07 /* StringResource.swift in Sources */,
				042553FD29DB80A200F26A07 /* StatusView.swift in Sources */,
				042553FB29DB80A200F26A07 /* SceneDelegate.swift in Sources */,
				042553E029DB80A200F26A07 /* AVPlayerEx.swift in Sources */,
				042553E129DB80A200F26A07 /* AVPlayerItemEx.swift in Sources */,
				042553E829DB80A200F26A07 /* DeviceRotationViewModifier.swift in Sources */,
				042553F029DB80A200F26A07 /* ApiRoute.swift in Sources */,
				0425540229DB80A200F26A07 /* PlayerViewModel.swift in Sources */,
				042553F229DB80A200F26A07 /* DetailView.swift in Sources */,
				0425540129DB80A200F26A07 /* PlayerContainerView.swift in Sources */,
				042553E729DB80A200F26A07 /* Store.swift in Sources */,
				042553DC29DB80A200F26A07 /* LoadStatus.swift in Sources */,
				0425540629DB80A200F26A07 /* VimeoResponse.swift in Sources */,
				042553F429DB80A200F26A07 /* ListView.swift in Sources */,
				042553E529DB80A200F26A07 /* StringEx.swift in Sources */,
				042553ED29DB80A200F26A07 /* FlowAction.swift in Sources */,
				042553EE29DB80A200F26A07 /* ApiRepository.swift in Sources */,
				042553F329DB80A200F26A07 /* DetailViewModel.swift in Sources */,
				042553E929DB80A200F26A07 /* NavigableProtocol.swift in Sources */,
				042553FC29DB80A200F26A07 /* InfoView.swift in Sources */,
				042553EA29DB80A200F26A07 /* FlowViewModel.swift in Sources */,
				042553F529DB80A200F26A07 /* ListViewModel.swift in Sources */,
				042553FE29DB80A200F26A07 /* DequeueReusableAsyncImage.swift in Sources */,
				042553FF29DB80A200F26A07 /* PlayerUIView.swift in Sources */,
				0425540429DB80A200F26A07 /* PlayerControllerView.swift in Sources */,
				042553F629DB80A200F26A07 /* ListCellView.swift in Sources */,
				042553FA29DB80A200F26A07 /* AppDelegate.swift in Sources */,
				042553DF29DB80A200F26A07 /* CMTimeEx.swift in Sources */,
				042553DD29DB80A200F26A07 /* DoubleEx.swift in Sources */,
				042553E429DB80A200F26A07 /* UIInterfaceOrientationMask.swift in Sources */,
				042553EB29DB80A200F26A07 /* FlowView.swift in Sources */,
				042553F829DB80A200F26A07 /* ImageResource.swift in Sources */,
				042553E229DB80A200F26A07 /* HTTPURLResponseEx.swift in Sources */,
				0425540329DB80A200F26A07 /* PlayerView.swift in Sources */,
				042553EC29DB80A200F26A07 /* Screen.swift in Sources */,
				042553E329DB80A200F26A07 /* DataEx.swift in Sources */,
				042553EF29DB80A200F26A07 /* ApiRequest.swift in Sources */,
				042553DE29DB80A200F26A07 /* ViewEx.swift in Sources */,
				042553F729DB80A200F26A07 /* Constants.swift in Sources */,
			);
			runOnlyForDeploymentPostprocessing = 0;
		};
		0462395529D98E460064F382 /* Sources */ = {
			isa = PBXSourcesBuildPhase;
			buildActionMask = 2147483647;
			files = (
				0462395E29D98E460064F382 /* VimeoPlayerTests.swift in Sources */,
			);
			runOnlyForDeploymentPostprocessing = 0;
		};
		0462395F29D98E460064F382 /* Sources */ = {
			isa = PBXSourcesBuildPhase;
			buildActionMask = 2147483647;
			files = (
				0462396A29D98E460064F382 /* VimeoPlayerUITestsLaunchTests.swift in Sources */,
				0462396829D98E460064F382 /* VimeoPlayerUITests.swift in Sources */,
			);
			runOnlyForDeploymentPostprocessing = 0;
		};
/* End PBXSourcesBuildPhase section */

/* Begin PBXTargetDependency section */
		0462395B29D98E460064F382 /* PBXTargetDependency */ = {
			isa = PBXTargetDependency;
			target = 0462394229D98E450064F382 /* VimeoPlayer */;
			targetProxy = 0462395A29D98E460064F382 /* PBXContainerItemProxy */;
		};
		0462396529D98E460064F382 /* PBXTargetDependency */ = {
			isa = PBXTargetDependency;
			target = 0462394229D98E450064F382 /* VimeoPlayer */;
			targetProxy = 0462396429D98E460064F382 /* PBXContainerItemProxy */;
		};
/* End PBXTargetDependency section */

/* Begin PBXVariantGroup section */
		042553BC29DB80A100F26A07 /* LaunchScreen.storyboard */ = {
			isa = PBXVariantGroup;
			children = (
				042553BD29DB80A100F26A07 /* Base */,
			);
			name = LaunchScreen.storyboard;
			sourceTree = "<group>";
		};
/* End PBXVariantGroup section */

/* Begin XCBuildConfiguration section */
		0462396B29D98E460064F382 /* Debug */ = {
			isa = XCBuildConfiguration;
			buildSettings = {
				ALWAYS_SEARCH_USER_PATHS = NO;
				CLANG_ANALYZER_NONNULL = YES;
				CLANG_ANALYZER_NUMBER_OBJECT_CONVERSION = YES_AGGRESSIVE;
				CLANG_CXX_LANGUAGE_STANDARD = "gnu++20";
				CLANG_ENABLE_MODULES = YES;
				CLANG_ENABLE_OBJC_ARC = YES;
				CLANG_ENABLE_OBJC_WEAK = YES;
				CLANG_WARN_BLOCK_CAPTURE_AUTORELEASING = YES;
				CLANG_WARN_BOOL_CONVERSION = YES;
				CLANG_WARN_COMMA = YES;
				CLANG_WARN_CONSTANT_CONVERSION = YES;
				CLANG_WARN_DEPRECATED_OBJC_IMPLEMENTATIONS = YES;
				CLANG_WARN_DIRECT_OBJC_ISA_USAGE = YES_ERROR;
				CLANG_WARN_DOCUMENTATION_COMMENTS = YES;
				CLANG_WARN_EMPTY_BODY = YES;
				CLANG_WARN_ENUM_CONVERSION = YES;
				CLANG_WARN_INFINITE_RECURSION = YES;
				CLANG_WARN_INT_CONVERSION = YES;
				CLANG_WARN_NON_LITERAL_NULL_CONVERSION = YES;
				CLANG_WARN_OBJC_IMPLICIT_RETAIN_SELF = YES;
				CLANG_WARN_OBJC_LITERAL_CONVERSION = YES;
				CLANG_WARN_OBJC_ROOT_CLASS = YES_ERROR;
				CLANG_WARN_QUOTED_INCLUDE_IN_FRAMEWORK_HEADER = YES;
				CLANG_WARN_RANGE_LOOP_ANALYSIS = YES;
				CLANG_WARN_STRICT_PROTOTYPES = YES;
				CLANG_WARN_SUSPICIOUS_MOVE = YES;
				CLANG_WARN_UNGUARDED_AVAILABILITY = YES_AGGRESSIVE;
				CLANG_WARN_UNREACHABLE_CODE = YES;
				CLANG_WARN__DUPLICATE_METHOD_MATCH = YES;
				COPY_PHASE_STRIP = NO;
				DEBUG_INFORMATION_FORMAT = dwarf;
				ENABLE_STRICT_OBJC_MSGSEND = YES;
				ENABLE_TESTABILITY = YES;
				GCC_C_LANGUAGE_STANDARD = gnu11;
				GCC_DYNAMIC_NO_PIC = NO;
				GCC_NO_COMMON_BLOCKS = YES;
				GCC_OPTIMIZATION_LEVEL = 0;
				GCC_PREPROCESSOR_DEFINITIONS = (
					"DEBUG=1",
					"$(inherited)",
				);
				GCC_WARN_64_TO_32_BIT_CONVERSION = YES;
				GCC_WARN_ABOUT_RETURN_TYPE = YES_ERROR;
				GCC_WARN_UNDECLARED_SELECTOR = YES;
				GCC_WARN_UNINITIALIZED_AUTOS = YES_AGGRESSIVE;
				GCC_WARN_UNUSED_FUNCTION = YES;
				GCC_WARN_UNUSED_VARIABLE = YES;
				IPHONEOS_DEPLOYMENT_TARGET = 16.0;
				MTL_ENABLE_DEBUG_INFO = INCLUDE_SOURCE;
				MTL_FAST_MATH = YES;
				ONLY_ACTIVE_ARCH = YES;
				SDKROOT = iphoneos;
				SWIFT_ACTIVE_COMPILATION_CONDITIONS = DEBUG;
				SWIFT_OPTIMIZATION_LEVEL = "-Onone";
			};
			name = Debug;
		};
		0462396C29D98E460064F382 /* Release */ = {
			isa = XCBuildConfiguration;
			buildSettings = {
				ALWAYS_SEARCH_USER_PATHS = NO;
				CLANG_ANALYZER_NONNULL = YES;
				CLANG_ANALYZER_NUMBER_OBJECT_CONVERSION = YES_AGGRESSIVE;
				CLANG_CXX_LANGUAGE_STANDARD = "gnu++20";
				CLANG_ENABLE_MODULES = YES;
				CLANG_ENABLE_OBJC_ARC = YES;
				CLANG_ENABLE_OBJC_WEAK = YES;
				CLANG_WARN_BLOCK_CAPTURE_AUTORELEASING = YES;
				CLANG_WARN_BOOL_CONVERSION = YES;
				CLANG_WARN_COMMA = YES;
				CLANG_WARN_CONSTANT_CONVERSION = YES;
				CLANG_WARN_DEPRECATED_OBJC_IMPLEMENTATIONS = YES;
				CLANG_WARN_DIRECT_OBJC_ISA_USAGE = YES_ERROR;
				CLANG_WARN_DOCUMENTATION_COMMENTS = YES;
				CLANG_WARN_EMPTY_BODY = YES;
				CLANG_WARN_ENUM_CONVERSION = YES;
				CLANG_WARN_INFINITE_RECURSION = YES;
				CLANG_WARN_INT_CONVERSION = YES;
				CLANG_WARN_NON_LITERAL_NULL_CONVERSION = YES;
				CLANG_WARN_OBJC_IMPLICIT_RETAIN_SELF = YES;
				CLANG_WARN_OBJC_LITERAL_CONVERSION = YES;
				CLANG_WARN_OBJC_ROOT_CLASS = YES_ERROR;
				CLANG_WARN_QUOTED_INCLUDE_IN_FRAMEWORK_HEADER = YES;
				CLANG_WARN_RANGE_LOOP_ANALYSIS = YES;
				CLANG_WARN_STRICT_PROTOTYPES = YES;
				CLANG_WARN_SUSPICIOUS_MOVE = YES;
				CLANG_WARN_UNGUARDED_AVAILABILITY = YES_AGGRESSIVE;
				CLANG_WARN_UNREACHABLE_CODE = YES;
				CLANG_WARN__DUPLICATE_METHOD_MATCH = YES;
				COPY_PHASE_STRIP = NO;
				DEBUG_INFORMATION_FORMAT = "dwarf-with-dsym";
				ENABLE_NS_ASSERTIONS = NO;
				ENABLE_STRICT_OBJC_MSGSEND = YES;
				GCC_C_LANGUAGE_STANDARD = gnu11;
				GCC_NO_COMMON_BLOCKS = YES;
				GCC_WARN_64_TO_32_BIT_CONVERSION = YES;
				GCC_WARN_ABOUT_RETURN_TYPE = YES_ERROR;
				GCC_WARN_UNDECLARED_SELECTOR = YES;
				GCC_WARN_UNINITIALIZED_AUTOS = YES_AGGRESSIVE;
				GCC_WARN_UNUSED_FUNCTION = YES;
				GCC_WARN_UNUSED_VARIABLE = YES;
				IPHONEOS_DEPLOYMENT_TARGET = 16.0;
				MTL_ENABLE_DEBUG_INFO = NO;
				MTL_FAST_MATH = YES;
				SDKROOT = iphoneos;
				SWIFT_COMPILATION_MODE = wholemodule;
				SWIFT_OPTIMIZATION_LEVEL = "-O";
				VALIDATE_PRODUCT = YES;
			};
			name = Release;
		};
		0462396E29D98E460064F382 /* Debug */ = {
			isa = XCBuildConfiguration;
			buildSettings = {
				ASSETCATALOG_COMPILER_APPICON_NAME = AppIcon;
				ASSETCATALOG_COMPILER_GLOBAL_ACCENT_COLOR_NAME = AccentColor;
				CODE_SIGN_STYLE = Automatic;
				CURRENT_PROJECT_VERSION = 1;
				GENERATE_INFOPLIST_FILE = YES;
				INFOPLIST_FILE = VimeoPlayer/Info.plist;
				INFOPLIST_KEY_CFBundleDisplayName = "Vimeo player";
				INFOPLIST_KEY_UIApplicationSupportsIndirectInputEvents = YES;
				INFOPLIST_KEY_UILaunchStoryboardName = LaunchScreen;
				INFOPLIST_KEY_UISupportedInterfaceOrientations_iPad = "UIInterfaceOrientationPortrait UIInterfaceOrientationPortraitUpsideDown UIInterfaceOrientationLandscapeLeft UIInterfaceOrientationLandscapeRight";
				INFOPLIST_KEY_UISupportedInterfaceOrientations_iPhone = "UIInterfaceOrientationPortrait UIInterfaceOrientationLandscapeLeft UIInterfaceOrientationLandscapeRight";
				LD_RUNPATH_SEARCH_PATHS = (
					"$(inherited)",
					"@executable_path/Frameworks",
				);
				MARKETING_VERSION = 1.0;
				PRODUCT_BUNDLE_IDENTIFIER = com.SwiftLand.VimeoPlayer;
				PRODUCT_NAME = "$(TARGET_NAME)";
				SWIFT_EMIT_LOC_STRINGS = YES;
				SWIFT_VERSION = 5.0;
				TARGETED_DEVICE_FAMILY = "1,2";
			};
			name = Debug;
		};
		0462396F29D98E460064F382 /* Release */ = {
			isa = XCBuildConfiguration;
			buildSettings = {
				ASSETCATALOG_COMPILER_APPICON_NAME = AppIcon;
				ASSETCATALOG_COMPILER_GLOBAL_ACCENT_COLOR_NAME = AccentColor;
				CODE_SIGN_STYLE = Automatic;
				CURRENT_PROJECT_VERSION = 1;
				GENERATE_INFOPLIST_FILE = YES;
				INFOPLIST_FILE = VimeoPlayer/Info.plist;
				INFOPLIST_KEY_CFBundleDisplayName = "Vimeo player";
				INFOPLIST_KEY_UIApplicationSupportsIndirectInputEvents = YES;
				INFOPLIST_KEY_UILaunchStoryboardName = LaunchScreen;
				INFOPLIST_KEY_UISupportedInterfaceOrientations_iPad = "UIInterfaceOrientationPortrait UIInterfaceOrientationPortraitUpsideDown UIInterfaceOrientationLandscapeLeft UIInterfaceOrientationLandscapeRight";
				INFOPLIST_KEY_UISupportedInterfaceOrientations_iPhone = "UIInterfaceOrientationPortrait UIInterfaceOrientationLandscapeLeft UIInterfaceOrientationLandscapeRight";
				LD_RUNPATH_SEARCH_PATHS = (
					"$(inherited)",
					"@executable_path/Frameworks",
				);
				MARKETING_VERSION = 1.0;
				PRODUCT_BUNDLE_IDENTIFIER = com.SwiftLand.VimeoPlayer;
				PRODUCT_NAME = "$(TARGET_NAME)";
				SWIFT_EMIT_LOC_STRINGS = YES;
				SWIFT_VERSION = 5.0;
				TARGETED_DEVICE_FAMILY = "1,2";
			};
			name = Release;
		};
		0462397129D98E460064F382 /* Debug */ = {
			isa = XCBuildConfiguration;
			buildSettings = {
				ALWAYS_EMBED_SWIFT_STANDARD_LIBRARIES = YES;
				BUNDLE_LOADER = "$(TEST_HOST)";
				CODE_SIGN_STYLE = Automatic;
				CURRENT_PROJECT_VERSION = 1;
				GENERATE_INFOPLIST_FILE = YES;
				IPHONEOS_DEPLOYMENT_TARGET = 16.0;
				MARKETING_VERSION = 1.0;
				PRODUCT_BUNDLE_IDENTIFIER = com.SwiftLand.VimeoPlayerTests;
				PRODUCT_NAME = "$(TARGET_NAME)";
				SWIFT_EMIT_LOC_STRINGS = NO;
				SWIFT_VERSION = 5.0;
				TARGETED_DEVICE_FAMILY = "1,2";
				TEST_HOST = "$(BUILT_PRODUCTS_DIR)/VimeoPlayer.app/$(BUNDLE_EXECUTABLE_FOLDER_PATH)/VimeoPlayer";
			};
			name = Debug;
		};
		0462397229D98E460064F382 /* Release */ = {
			isa = XCBuildConfiguration;
			buildSettings = {
				ALWAYS_EMBED_SWIFT_STANDARD_LIBRARIES = YES;
				BUNDLE_LOADER = "$(TEST_HOST)";
				CODE_SIGN_STYLE = Automatic;
				CURRENT_PROJECT_VERSION = 1;
				GENERATE_INFOPLIST_FILE = YES;
				IPHONEOS_DEPLOYMENT_TARGET = 16.0;
				MARKETING_VERSION = 1.0;
				PRODUCT_BUNDLE_IDENTIFIER = com.SwiftLand.VimeoPlayerTests;
				PRODUCT_NAME = "$(TARGET_NAME)";
				SWIFT_EMIT_LOC_STRINGS = NO;
				SWIFT_VERSION = 5.0;
				TARGETED_DEVICE_FAMILY = "1,2";
				TEST_HOST = "$(BUILT_PRODUCTS_DIR)/VimeoPlayer.app/$(BUNDLE_EXECUTABLE_FOLDER_PATH)/VimeoPlayer";
			};
			name = Release;
		};
		0462397429D98E460064F382 /* Debug */ = {
			isa = XCBuildConfiguration;
			buildSettings = {
				ALWAYS_EMBED_SWIFT_STANDARD_LIBRARIES = YES;
				CODE_SIGN_STYLE = Automatic;
				CURRENT_PROJECT_VERSION = 1;
				GENERATE_INFOPLIST_FILE = YES;
				MARKETING_VERSION = 1.0;
				PRODUCT_BUNDLE_IDENTIFIER = com.SwiftLand.VimeoPlayerUITests;
				PRODUCT_NAME = "$(TARGET_NAME)";
				SWIFT_EMIT_LOC_STRINGS = NO;
				SWIFT_VERSION = 5.0;
				TARGETED_DEVICE_FAMILY = "1,2";
				TEST_TARGET_NAME = VimeoPlayer;
			};
			name = Debug;
		};
		0462397529D98E460064F382 /* Release */ = {
			isa = XCBuildConfiguration;
			buildSettings = {
				ALWAYS_EMBED_SWIFT_STANDARD_LIBRARIES = YES;
				CODE_SIGN_STYLE = Automatic;
				CURRENT_PROJECT_VERSION = 1;
				GENERATE_INFOPLIST_FILE = YES;
				MARKETING_VERSION = 1.0;
				PRODUCT_BUNDLE_IDENTIFIER = com.SwiftLand.VimeoPlayerUITests;
				PRODUCT_NAME = "$(TARGET_NAME)";
				SWIFT_EMIT_LOC_STRINGS = NO;
				SWIFT_VERSION = 5.0;
				TARGETED_DEVICE_FAMILY = "1,2";
				TEST_TARGET_NAME = VimeoPlayer;
			};
			name = Release;
		};
/* End XCBuildConfiguration section */

/* Begin XCConfigurationList section */
		0462393E29D98E450064F382 /* Build configuration list for PBXProject "VimeoPlayer" */ = {
			isa = XCConfigurationList;
			buildConfigurations = (
				0462396B29D98E460064F382 /* Debug */,
				0462396C29D98E460064F382 /* Release */,
			);
			defaultConfigurationIsVisible = 0;
			defaultConfigurationName = Release;
		};
		0462396D29D98E460064F382 /* Build configuration list for PBXNativeTarget "VimeoPlayer" */ = {
			isa = XCConfigurationList;
			buildConfigurations = (
				0462396E29D98E460064F382 /* Debug */,
				0462396F29D98E460064F382 /* Release */,
			);
			defaultConfigurationIsVisible = 0;
			defaultConfigurationName = Release;
		};
		0462397029D98E460064F382 /* Build configuration list for PBXNativeTarget "VimeoPlayerTests" */ = {
			isa = XCConfigurationList;
			buildConfigurations = (
				0462397129D98E460064F382 /* Debug */,
				0462397229D98E460064F382 /* Release */,
			);
			defaultConfigurationIsVisible = 0;
			defaultConfigurationName = Release;
		};
		0462397329D98E460064F382 /* Build configuration list for PBXNativeTarget "VimeoPlayerUITests" */ = {
			isa = XCConfigurationList;
			buildConfigurations = (
				0462397429D98E460064F382 /* Debug */,
				0462397529D98E460064F382 /* Release */,
			);
			defaultConfigurationIsVisible = 0;
			defaultConfigurationName = Release;
		};
/* End XCConfigurationList section */
	};
	rootObject = 0462393B29D98E450064F382 /* Project object */;
}
